{
  "name": "revise react",
  "lockfileVersion": 2,
  "requires": true,
  "packages": {
    "": {
      "dependencies": {
        "react-app": "^1.1.2",
        "revision": "^0.1.6"
      }
    },
    "node_modules/react-app": {
      "version": "1.1.2",
      "resolved": "https://registry.npmjs.org/react-app/-/react-app-1.1.2.tgz",
      "integrity": "sha512-4MrTmJWu3WDX3upmEyyHGhA15L0qtqJBDMoVZRjd5hrf8lEoX/ja/EOG31eppiyRTWpZGGigCwb2lzsI6ZKDFQ==",
      "bin": {
        "react-app": "bin/react-app.js"
      },
      "engines": {
        "node": ">=6",
        "npm": ">=3.8"
      }
    },
    "node_modules/revision": {
      "version": "0.1.6",
      "resolved": "https://registry.npmjs.org/revision/-/revision-0.1.6.tgz",
      "integrity": "sha512-pSz25Bf+WiosTFEudj8DD/FW/dasoag+zgmWIxoUEb9XK/+tYPEkmsV8Xfy95IzOHZs6a7cp1DvRIAXEuRPPJg==",
      "bin": {
        "revision": "revision.js"
      },
      "engines": {
        "node": "0.10.26"
      }
    }
  },
  "dependencies": {
    "react-app": {
      "version": "1.1.2",
      "resolved": "https://registry.npmjs.org/react-app/-/react-app-1.1.2.tgz",
      "integrity": "sha512-4MrTmJWu3WDX3upmEyyHGhA15L0qtqJBDMoVZRjd5hrf8lEoX/ja/EOG31eppiyRTWpZGGigCwb2lzsI6ZKDFQ=="
    },
    "revision": {
      "version": "0.1.6",
      "resolved": "https://registry.npmjs.org/revision/-/revision-0.1.6.tgz",
      "integrity": "sha512-pSz25Bf+WiosTFEudj8DD/FW/dasoag+zgmWIxoUEb9XK/+tYPEkmsV8Xfy95IzOHZs6a7cp1DvRIAXEuRPPJg=="
    }
  }
}
